// !$*UTF8*$!
{
	archiveVersion = 1;
	classes = {
	};
	objectVersion = 55;
	objects = {

/* Begin PBXBuildFile section */
		6C51EF7F28116C4000B77BED /* AppDelegate.swift in Sources */ = {isa = PBXBuildFile; fileRef = 6C51EF7E28116C4000B77BED /* AppDelegate.swift */; };
		6C51EF8128116C4000B77BED /* SceneDelegate.swift in Sources */ = {isa = PBXBuildFile; fileRef = 6C51EF8028116C4000B77BED /* SceneDelegate.swift */; };
		6C51EF8628116C4000B77BED /* Main.storyboard in Resources */ = {isa = PBXBuildFile; fileRef = 6C51EF8428116C4000B77BED /* Main.storyboard */; };
		6C51EF8828116C4000B77BED /* Assets.xcassets in Resources */ = {isa = PBXBuildFile; fileRef = 6C51EF8728116C4000B77BED /* Assets.xcassets */; };
		6C51EF8B28116C4000B77BED /* LaunchScreen.storyboard in Resources */ = {isa = PBXBuildFile; fileRef = 6C51EF8928116C4000B77BED /* LaunchScreen.storyboard */; };
		6C51EFA228116D0B00B77BED /* MainScreenModule.swift in Sources */ = {isa = PBXBuildFile; fileRef = 6C51EFA128116D0B00B77BED /* MainScreenModule.swift */; };
		6C51EFA428116D7800B77BED /* MainScreenView.swift in Sources */ = {isa = PBXBuildFile; fileRef = 6C51EFA328116D7800B77BED /* MainScreenView.swift */; };
		6C51EFA628116DAF00B77BED /* MainScreenInteractor.swift in Sources */ = {isa = PBXBuildFile; fileRef = 6C51EFA528116DAF00B77BED /* MainScreenInteractor.swift */; };
		6C51EFA828116DD600B77BED /* MainScreenFactory.swift in Sources */ = {isa = PBXBuildFile; fileRef = 6C51EFA728116DD600B77BED /* MainScreenFactory.swift */; };
		6C51EFAA28116DFB00B77BED /* MainScreenAssembly.swift in Sources */ = {isa = PBXBuildFile; fileRef = 6C51EFA928116DFB00B77BED /* MainScreenAssembly.swift */; };
		6C51EFAC2811748A00B77BED /* DetailScreenModule.swift in Sources */ = {isa = PBXBuildFile; fileRef = 6C51EFAB2811748A00B77BED /* DetailScreenModule.swift */; };
/* End PBXBuildFile section */

/* Begin PBXFileReference section */
		6C51EF7B28116C4000B77BED /* TetsThirdCoordinator.app */ = {isa = PBXFileReference; explicitFileType = wrapper.application; includeInIndex = 0; path = TetsThirdCoordinator.app; sourceTree = BUILT_PRODUCTS_DIR; };
		6C51EF7E28116C4000B77BED /* AppDelegate.swift */ = {isa = PBXFileReference; lastKnownFileType = sourcecode.swift; path = AppDelegate.swift; sourceTree = "<group>"; };
		6C51EF8028116C4000B77BED /* SceneDelegate.swift */ = {isa = PBXFileReference; lastKnownFileType = sourcecode.swift; path = SceneDelegate.swift; sourceTree = "<group>"; };
		6C51EF8528116C4000B77BED /* Base */ = {isa = PBXFileReference; lastKnownFileType = file.storyboard; name = Base; path = Base.lproj/Main.storyboard; sourceTree = "<group>"; };
		6C51EF8728116C4000B77BED /* Assets.xcassets */ = {isa = PBXFileReference; lastKnownFileType = folder.assetcatalog; path = Assets.xcassets; sourceTree = "<group>"; };
		6C51EF8A28116C4000B77BED /* Base */ = {isa = PBXFileReference; lastKnownFileType = file.storyboard; name = Base; path = Base.lproj/LaunchScreen.storyboard; sourceTree = "<group>"; };
		6C51EF8C28116C4000B77BED /* Info.plist */ = {isa = PBXFileReference; lastKnownFileType = text.plist.xml; path = Info.plist; sourceTree = "<group>"; };
		6C51EFA128116D0B00B77BED /* MainScreenModule.swift */ = {isa = PBXFileReference; lastKnownFileType = sourcecode.swift; path = MainScreenModule.swift; sourceTree = "<group>"; };
		6C51EFA328116D7800B77BED /* MainScreenView.swift */ = {isa = PBXFileReference; lastKnownFileType = sourcecode.swift; path = MainScreenView.swift; sourceTree = "<group>"; };
		6C51EFA528116DAF00B77BED /* MainScreenInteractor.swift */ = {isa = PBXFileReference; lastKnownFileType = sourcecode.swift; path = MainScreenInteractor.swift; sourceTree = "<group>"; };
		6C51EFA728116DD600B77BED /* MainScreenFactory.swift */ = {isa = PBXFileReference; lastKnownFileType = sourcecode.swift; path = MainScreenFactory.swift; sourceTree = "<group>"; };
		6C51EFA928116DFB00B77BED /* MainScreenAssembly.swift */ = {isa = PBXFileReference; lastKnownFileType = sourcecode.swift; path = MainScreenAssembly.swift; sourceTree = "<group>"; };
		6C51EFAB2811748A00B77BED /* DetailScreenModule.swift */ = {isa = PBXFileReference; lastKnownFileType = sourcecode.swift; path = DetailScreenModule.swift; sourceTree = "<group>"; };
/* End PBXFileReference section */

/* Begin PBXFrameworksBuildPhase section */
		6C51EF7828116C4000B77BED /* Frameworks */ = {
			isa = PBXFrameworksBuildPhase;
			buildActionMask = 2147483647;
			files = (
			);
			runOnlyForDeploymentPostprocessing = 0;
		};
/* End PBXFrameworksBuildPhase section */

/* Begin PBXGroup section */
		6C51EF7228116C4000B77BED = {
			isa = PBXGroup;
			children = (
				6C51EF7D28116C4000B77BED /* TetsThirdCoordinator */,
				6C51EF7C28116C4000B77BED /* Products */,
			);
			sourceTree = "<group>";
		};
		6C51EF7C28116C4000B77BED /* Products */ = {
			isa = PBXGroup;
			children = (
				6C51EF7B28116C4000B77BED /* TetsThirdCoordinator.app */,
			);
			name = Products;
			sourceTree = "<group>";
		};
		6C51EF7D28116C4000B77BED /* TetsThirdCoordinator */ = {
			isa = PBXGroup;
			children = (
				6C51EF9428116C8400B77BED /* Modules */,
				6C51EF9328116C7A00B77BED /* Navigation */,
				6C51EF9228116C7300B77BED /* System */,
				6C51EF8C28116C4000B77BED /* Info.plist */,
			);
			path = TetsThirdCoordinator;
			sourceTree = "<group>";
		};
		6C51EF9228116C7300B77BED /* System */ = {
			isa = PBXGroup;
			children = (
				6C51EF7E28116C4000B77BED /* AppDelegate.swift */,
				6C51EF8028116C4000B77BED /* SceneDelegate.swift */,
				6C51EF8428116C4000B77BED /* Main.storyboard */,
				6C51EF8728116C4000B77BED /* Assets.xcassets */,
				6C51EF8928116C4000B77BED /* LaunchScreen.storyboard */,
			);
			path = System;
			sourceTree = "<group>";
		};
		6C51EF9328116C7A00B77BED /* Navigation */ = {
			isa = PBXGroup;
			children = (
			);
			path = Navigation;
			sourceTree = "<group>";
		};
		6C51EF9428116C8400B77BED /* Modules */ = {
			isa = PBXGroup;
			children = (
				6C51EF9B28116CD600B77BED /* DetailScreen */,
				6C51EF9A28116CC800B77BED /* MainScreen */,
			);
			path = Modules;
			sourceTree = "<group>";
		};
		6C51EF9528116CA200B77BED /* Assembly */ = {
			isa = PBXGroup;
			children = (
				6C51EFA928116DFB00B77BED /* MainScreenAssembly.swift */,
			);
			path = Assembly;
			sourceTree = "<group>";
		};
		6C51EF9628116CA900B77BED /* Factory */ = {
			isa = PBXGroup;
			children = (
				6C51EFA728116DD600B77BED /* MainScreenFactory.swift */,
			);
			path = Factory;
			sourceTree = "<group>";
		};
		6C51EF9728116CB200B77BED /* Interactor */ = {
			isa = PBXGroup;
			children = (
				6C51EFA528116DAF00B77BED /* MainScreenInteractor.swift */,
			);
			path = Interactor;
			sourceTree = "<group>";
		};
		6C51EF9828116CBA00B77BED /* View */ = {
			isa = PBXGroup;
			children = (
				6C51EFA328116D7800B77BED /* MainScreenView.swift */,
			);
			path = View;
			sourceTree = "<group>";
		};
		6C51EF9928116CBE00B77BED /* Presenter */ = {
			isa = PBXGroup;
			children = (
				6C51EFA128116D0B00B77BED /* MainScreenModule.swift */,
			);
			path = Presenter;
			sourceTree = "<group>";
		};
		6C51EF9A28116CC800B77BED /* MainScreen */ = {
			isa = PBXGroup;
			children = (
				6C51EF9928116CBE00B77BED /* Presenter */,
				6C51EF9828116CBA00B77BED /* View */,
				6C51EF9728116CB200B77BED /* Interactor */,
				6C51EF9628116CA900B77BED /* Factory */,
				6C51EF9528116CA200B77BED /* Assembly */,
			);
			path = MainScreen;
			sourceTree = "<group>";
		};
		6C51EF9B28116CD600B77BED /* DetailScreen */ = {
			isa = PBXGroup;
			children = (
				6C51EFA028116CF700B77BED /* Presenter */,
				6C51EF9F28116CF100B77BED /* View */,
				6C51EF9E28116CEB00B77BED /* Interactor */,
				6C51EF9D28116CE500B77BED /* Factory */,
				6C51EF9C28116CDD00B77BED /* Assembly */,
			);
			path = DetailScreen;
			sourceTree = "<group>";
		};
		6C51EF9C28116CDD00B77BED /* Assembly */ = {
			isa = PBXGroup;
			children = (
			);
			path = Assembly;
			sourceTree = "<group>";
		};
		6C51EF9D28116CE500B77BED /* Factory */ = {
			isa = PBXGroup;
			children = (
			);
			path = Factory;
			sourceTree = "<group>";
		};
		6C51EF9E28116CEB00B77BED /* Interactor */ = {
			isa = PBXGroup;
			children = (
			);
			path = Interactor;
			sourceTree = "<group>";
		};
		6C51EF9F28116CF100B77BED /* View */ = {
			isa = PBXGroup;
			children = (
			);
			path = View;
			sourceTree = "<group>";
		};
		6C51EFA028116CF700B77BED /* Presenter */ = {
			isa = PBXGroup;
			children = (
				6C51EFAB2811748A00B77BED /* DetailScreenModule.swift */,
			);
			path = Presenter;
			sourceTree = "<group>";
		};
/* End PBXGroup section */

/* Begin PBXNativeTarget section */
		6C51EF7A28116C4000B77BED /* TetsThirdCoordinator */ = {
			isa = PBXNativeTarget;
			buildConfigurationList = 6C51EF8F28116C4000B77BED /* Build configuration list for PBXNativeTarget "TetsThirdCoordinator" */;
			buildPhases = (
				6C51EF7728116C4000B77BED /* Sources */,
				6C51EF7828116C4000B77BED /* Frameworks */,
				6C51EF7928116C4000B77BED /* Resources */,
			);
			buildRules = (
			);
			dependencies = (
			);
			name = TetsThirdCoordinator;
			productName = TetsThirdCoordinator;
			productReference = 6C51EF7B28116C4000B77BED /* TetsThirdCoordinator.app */;
			productType = "com.apple.product-type.application";
		};
/* End PBXNativeTarget section */

/* Begin PBXProject section */
		6C51EF7328116C4000B77BED /* Project object */ = {
			isa = PBXProject;
			attributes = {
				BuildIndependentTargetsInParallel = 1;
				LastSwiftUpdateCheck = 1330;
				LastUpgradeCheck = 1330;
				TargetAttributes = {
					6C51EF7A28116C4000B77BED = {
						CreatedOnToolsVersion = 13.3.1;
					};
				};
			};
			buildConfigurationList = 6C51EF7628116C4000B77BED /* Build configuration list for PBXProject "TetsThirdCoordinator" */;
			compatibilityVersion = "Xcode 13.0";
			developmentRegion = en;
			hasScannedForEncodings = 0;
			knownRegions = (
				en,
				Base,
			);
			mainGroup = 6C51EF7228116C4000B77BED;
			productRefGroup = 6C51EF7C28116C4000B77BED /* Products */;
			projectDirPath = "";
			projectRoot = "";
			targets = (
				6C51EF7A28116C4000B77BED /* TetsThirdCoordinator */,
			);
		};
/* End PBXProject section */

/* Begin PBXResourcesBuildPhase section */
		6C51EF7928116C4000B77BED /* Resources */ = {
			isa = PBXResourcesBuildPhase;
			buildActionMask = 2147483647;
			files = (
				6C51EF8B28116C4000B77BED /* LaunchScreen.storyboard in Resources */,
				6C51EF8828116C4000B77BED /* Assets.xcassets in Resources */,
				6C51EF8628116C4000B77BED /* Main.storyboard in Resources */,
			);
			runOnlyForDeploymentPostprocessing = 0;
		};
/* End PBXResourcesBuildPhase section */

/* Begin PBXSourcesBuildPhase section */
		6C51EF7728116C4000B77BED /* Sources */ = {
			isa = PBXSourcesBuildPhase;
			buildActionMask = 2147483647;
			files = (
				6C51EFAA28116DFB00B77BED /* MainScreenAssembly.swift in Sources */,
				6C51EFA628116DAF00B77BED /* MainScreenInteractor.swift in Sources */,
				6C51EF7F28116C4000B77BED /* AppDelegate.swift in Sources */,
				6C51EF8128116C4000B77BED /* SceneDelegate.swift in Sources */,
				6C51EFAC2811748A00B77BED /* DetailScreenModule.swift in Sources */,
				6C51EFA828116DD600B77BED /* MainScreenFactory.swift in Sources */,
				6C51EFA228116D0B00B77BED /* MainScreenModule.swift in Sources */,
				6C51EFA428116D7800B77BED /* MainScreenView.swift in Sources */,
			);
			runOnlyForDeploymentPostprocessing = 0;
		};
/* End PBXSourcesBuildPhase section */

/* Begin PBXVariantGroup section */
		6C51EF8428116C4000B77BED /* Main.storyboard */ = {
			isa = PBXVariantGroup;
			children = (
				6C51EF8528116C4000B77BED /* Base */,
			);
			name = Main.storyboard;
			sourceTree = "<group>";
		};
		6C51EF8928116C4000B77BED /* LaunchScreen.storyboard */ = {
			isa = PBXVariantGroup;
			children = (
				6C51EF8A28116C4000B77BED /* Base */,
			);
			name = LaunchScreen.storyboard;
			sourceTree = "<group>";
		};
/* End PBXVariantGroup section */

/* Begin XCBuildConfiguration section */
		6C51EF8D28116C4000B77BED /* Debug */ = {
			isa = XCBuildConfiguration;
			buildSettings = {
				ALWAYS_SEARCH_USER_PATHS = NO;
				CLANG_ANALYZER_NONNULL = YES;
				CLANG_ANALYZER_NUMBER_OBJECT_CONVERSION = YES_AGGRESSIVE;
				CLANG_CXX_LANGUAGE_STANDARD = "gnu++17";
				CLANG_ENABLE_MODULES = YES;
				CLANG_ENABLE_OBJC_ARC = YES;
				CLANG_ENABLE_OBJC_WEAK = YES;
				CLANG_WARN_BLOCK_CAPTURE_AUTORELEASING = YES;
				CLANG_WARN_BOOL_CONVERSION = YES;
				CLANG_WARN_COMMA = YES;
				CLANG_WARN_CONSTANT_CONVERSION = YES;
				CLANG_WARN_DEPRECATED_OBJC_IMPLEMENTATIONS = YES;
				CLANG_WARN_DIRECT_OBJC_ISA_USAGE = YES_ERROR;
				CLANG_WARN_DOCUMENTATION_COMMENTS = YES;
				CLANG_WARN_EMPTY_BODY = YES;
				CLANG_WARN_ENUM_CONVERSION = YES;
				CLANG_WARN_INFINITE_RECURSION = YES;
				CLANG_WARN_INT_CONVERSION = YES;
				CLANG_WARN_NON_LITERAL_NULL_CONVERSION = YES;
				CLANG_WARN_OBJC_IMPLICIT_RETAIN_SELF = YES;
				CLANG_WARN_OBJC_LITERAL_CONVERSION = YES;
				CLANG_WARN_OBJC_ROOT_CLASS = YES_ERROR;
				CLANG_WARN_QUOTED_INCLUDE_IN_FRAMEWORK_HEADER = YES;
				CLANG_WARN_RANGE_LOOP_ANALYSIS = YES;
				CLANG_WARN_STRICT_PROTOTYPES = YES;
				CLANG_WARN_SUSPICIOUS_MOVE = YES;
				CLANG_WARN_UNGUARDED_AVAILABILITY = YES_AGGRESSIVE;
				CLANG_WARN_UNREACHABLE_CODE = YES;
				CLANG_WARN__DUPLICATE_METHOD_MATCH = YES;
				COPY_PHASE_STRIP = NO;
				DEBUG_INFORMATION_FORMAT = dwarf;
				ENABLE_STRICT_OBJC_MSGSEND = YES;
				ENABLE_TESTABILITY = YES;
				GCC_C_LANGUAGE_STANDARD = gnu11;
				GCC_DYNAMIC_NO_PIC = NO;
				GCC_NO_COMMON_BLOCKS = YES;
				GCC_OPTIMIZATION_LEVEL = 0;
				GCC_PREPROCESSOR_DEFINITIONS = (
					"DEBUG=1",
					"$(inherited)",
				);
				GCC_WARN_64_TO_32_BIT_CONVERSION = YES;
				GCC_WARN_ABOUT_RETURN_TYPE = YES_ERROR;
				GCC_WARN_UNDECLARED_SELECTOR = YES;
				GCC_WARN_UNINITIALIZED_AUTOS = YES_AGGRESSIVE;
				GCC_WARN_UNUSED_FUNCTION = YES;
				GCC_WARN_UNUSED_VARIABLE = YES;
				IPHONEOS_DEPLOYMENT_TARGET = 15.4;
				MTL_ENABLE_DEBUG_INFO = INCLUDE_SOURCE;
				MTL_FAST_MATH = YES;
				ONLY_ACTIVE_ARCH = YES;
				SDKROOT = iphoneos;
				SWIFT_ACTIVE_COMPILATION_CONDITIONS = DEBUG;
				SWIFT_OPTIMIZATION_LEVEL = "-Onone";
			};
			name = Debug;
		};
		6C51EF8E28116C4000B77BED /* Release */ = {
			isa = XCBuildConfiguration;
			buildSettings = {
				ALWAYS_SEARCH_USER_PATHS = NO;
				CLANG_ANALYZER_NONNULL = YES;
				CLANG_ANALYZER_NUMBER_OBJECT_CONVERSION = YES_AGGRESSIVE;
				CLANG_CXX_LANGUAGE_STANDARD = "gnu++17";
				CLANG_ENABLE_MODULES = YES;
				CLANG_ENABLE_OBJC_ARC = YES;
				CLANG_ENABLE_OBJC_WEAK = YES;
				CLANG_WARN_BLOCK_CAPTURE_AUTORELEASING = YES;
				CLANG_WARN_BOOL_CONVERSION = YES;
				CLANG_WARN_COMMA = YES;
				CLANG_WARN_CONSTANT_CONVERSION = YES;
				CLANG_WARN_DEPRECATED_OBJC_IMPLEMENTATIONS = YES;
				CLANG_WARN_DIRECT_OBJC_ISA_USAGE = YES_ERROR;
				CLANG_WARN_DOCUMENTATION_COMMENTS = YES;
				CLANG_WARN_EMPTY_BODY = YES;
				CLANG_WARN_ENUM_CONVERSION = YES;
				CLANG_WARN_INFINITE_RECURSION = YES;
				CLANG_WARN_INT_CONVERSION = YES;
				CLANG_WARN_NON_LITERAL_NULL_CONVERSION = YES;
				CLANG_WARN_OBJC_IMPLICIT_RETAIN_SELF = YES;
				CLANG_WARN_OBJC_LITERAL_CONVERSION = YES;
				CLANG_WARN_OBJC_ROOT_CLASS = YES_ERROR;
				CLANG_WARN_QUOTED_INCLUDE_IN_FRAMEWORK_HEADER = YES;
				CLANG_WARN_RANGE_LOOP_ANALYSIS = YES;
				CLANG_WARN_STRICT_PROTOTYPES = YES;
				CLANG_WARN_SUSPICIOUS_MOVE = YES;
				CLANG_WARN_UNGUARDED_AVAILABILITY = YES_AGGRESSIVE;
				CLANG_WARN_UNREACHABLE_CODE = YES;
				CLANG_WARN__DUPLICATE_METHOD_MATCH = YES;
				COPY_PHASE_STRIP = NO;
				DEBUG_INFORMATION_FORMAT = "dwarf-with-dsym";
				ENABLE_NS_ASSERTIONS = NO;
				ENABLE_STRICT_OBJC_MSGSEND = YES;
				GCC_C_LANGUAGE_STANDARD = gnu11;
				GCC_NO_COMMON_BLOCKS = YES;
				GCC_WARN_64_TO_32_BIT_CONVERSION = YES;
				GCC_WARN_ABOUT_RETURN_TYPE = YES_ERROR;
				GCC_WARN_UNDECLARED_SELECTOR = YES;
				GCC_WARN_UNINITIALIZED_AUTOS = YES_AGGRESSIVE;
				GCC_WARN_UNUSED_FUNCTION = YES;
				GCC_WARN_UNUSED_VARIABLE = YES;
				IPHONEOS_DEPLOYMENT_TARGET = 15.4;
				MTL_ENABLE_DEBUG_INFO = NO;
				MTL_FAST_MATH = YES;
				SDKROOT = iphoneos;
				SWIFT_COMPILATION_MODE = wholemodule;
				SWIFT_OPTIMIZATION_LEVEL = "-O";
				VALIDATE_PRODUCT = YES;
			};
			name = Release;
		};
		6C51EF9028116C4000B77BED /* Debug */ = {
			isa = XCBuildConfiguration;
			buildSettings = {
				ASSETCATALOG_COMPILER_APPICON_NAME = AppIcon;
				ASSETCATALOG_COMPILER_GLOBAL_ACCENT_COLOR_NAME = AccentColor;
				CODE_SIGN_STYLE = Automatic;
				CURRENT_PROJECT_VERSION = 1;
				DEVELOPMENT_TEAM = 34VDSPZYU9;
				GENERATE_INFOPLIST_FILE = YES;
				INFOPLIST_FILE = TetsThirdCoordinator/Info.plist;
				INFOPLIST_KEY_UIApplicationSupportsIndirectInputEvents = YES;
				INFOPLIST_KEY_UILaunchStoryboardName = LaunchScreen;
				INFOPLIST_KEY_UISupportedInterfaceOrientations_iPad = "UIInterfaceOrientationPortrait UIInterfaceOrientationPortraitUpsideDown UIInterfaceOrientationLandscapeLeft UIInterfaceOrientationLandscapeRight";
				INFOPLIST_KEY_UISupportedInterfaceOrientations_iPhone = "UIInterfaceOrientationPortrait UIInterfaceOrientationLandscapeLeft UIInterfaceOrientationLandscapeRight";
				IPHONEOS_DEPLOYMENT_TARGET = 13.0;
				LD_RUNPATH_SEARCH_PATHS = (
					"$(inherited)",
					"@executable_path/Frameworks",
				);
				MARKETING_VERSION = 1.0.0;
				PRODUCT_BUNDLE_IDENTIFIER = "Sosina-Tatyana.TetsThirdCoordinator";
				PRODUCT_NAME = "$(TARGET_NAME)";
				SWIFT_EMIT_LOC_STRINGS = YES;
				SWIFT_VERSION = 5.0;
				TARGETED_DEVICE_FAMILY = 1;
			};
			name = Debug;
		};
		6C51EF9128116C4000B77BED /* Release */ = {
			isa = XCBuildConfiguration;
			buildSettings = {
				ASSETCATALOG_COMPILER_APPICON_NAME = AppIcon;
				ASSETCATALOG_COMPILER_GLOBAL_ACCENT_COLOR_NAME = AccentColor;
				CODE_SIGN_STYLE = Automatic;
				CURRENT_PROJECT_VERSION = 1;
				DEVELOPMENT_TEAM = 34VDSPZYU9;
				GENERATE_INFOPLIST_FILE = YES;
				INFOPLIST_FILE = TetsThirdCoordinator/Info.plist;
				INFOPLIST_KEY_UIApplicationSupportsIndirectInputEvents = YES;
				INFOPLIST_KEY_UILaunchStoryboardName = LaunchScreen;
				INFOPLIST_KEY_UISupportedInterfaceOrientations_iPad = "UIInterfaceOrientationPortrait UIInterfaceOrientationPortraitUpsideDown UIInterfaceOrientationLandscapeLeft UIInterfaceOrientationLandscapeRight";
				INFOPLIST_KEY_UISupportedInterfaceOrientations_iPhone = "UIInterfaceOrientationPortrait UIInterfaceOrientationLandscapeLeft UIInterfaceOrientationLandscapeRight";
				IPHONEOS_DEPLOYMENT_TARGET = 13.0;
				LD_RUNPATH_SEARCH_PATHS = (
					"$(inherited)",
					"@executable_path/Frameworks",
				);
				MARKETING_VERSION = 1.0.0;
				PRODUCT_BUNDLE_IDENTIFIER = "Sosina-Tatyana.TetsThirdCoordinator";
				PRODUCT_NAME = "$(TARGET_NAME)";
				SWIFT_EMIT_LOC_STRINGS = YES;
				SWIFT_VERSION = 5.0;
				TARGETED_DEVICE_FAMILY = 1;
			};
			name = Release;
		};
/* End XCBuildConfiguration section */

/* Begin XCConfigurationList section */
		6C51EF7628116C4000B77BED /* Build configuration list for PBXProject "TetsThirdCoordinator" */ = {
			isa = XCConfigurationList;
			buildConfigurations = (
				6C51EF8D28116C4000B77BED /* Debug */,
				6C51EF8E28116C4000B77BED /* Release */,
			);
			defaultConfigurationIsVisible = 0;
			defaultConfigurationName = Release;
		};
		6C51EF8F28116C4000B77BED /* Build configuration list for PBXNativeTarget "TetsThirdCoordinator" */ = {
			isa = XCConfigurationList;
			buildConfigurations = (
				6C51EF9028116C4000B77BED /* Debug */,
				6C51EF9128116C4000B77BED /* Release */,
			);
			defaultConfigurationIsVisible = 0;
			defaultConfigurationName = Release;
		};
/* End XCConfigurationList section */
	};
	rootObject = 6C51EF7328116C4000B77BED /* Project object */;
}
